
Microsoft Visual Studio Solution File, Format Version 12.00
# Visual Studio Version 17
VisualStudioVersion = 17.5.2.0
MinimumVisualStudioVersion = 10.0.40219.1
Project("{FAE04EC0-301F-11D3-BF4B-00C04F79EFBC}") = "StationCheck", "StationCheck.csproj", "{D5E33EDC-BB0B-057B-E99F-7784C9A3922E}"
EndProject
Global
	GlobalSection(SolutionConfigurationPlatforms) = preSolution
		Debug|Any CPU = Debug|Any CPU
		Debug|x64 = Debug|x64
		Debug|x86 = Debug|x86
		Release|Any CPU = Release|Any CPU
		Release|x64 = Release|x64
		Release|x86 = Release|x86
	EndGlobalSection
	GlobalSection(ProjectConfigurationPlatforms) = postSolution
		{D5E33EDC-BB0B-057B-E99F-7784C9A3922E}.Debug|Any CPU.ActiveCfg = Debug|Any CPU
		{D5E33EDC-BB0B-057B-E99F-7784C9A3922E}.Debug|Any CPU.Build.0 = Debug|Any CPU
		{D5E33EDC-BB0B-057B-E99F-7784C9A3922E}.Debug|x64.ActiveCfg = Debug|Any CPU
		{D5E33EDC-BB0B-057B-E99F-7784C9A3922E}.Debug|x64.Build.0 = Debug|Any CPU
		{D5E33EDC-BB0B-057B-E99F-7784C9A3922E}.Debug|x86.ActiveCfg = Debug|Any CPU
		{D5E33EDC-BB0B-057B-E99F-7784C9A3922E}.Debug|x86.Build.0 = Debug|Any CPU
		{D5E33EDC-BB0B-057B-E99F-7784C9A3922E}.Release|Any CPU.ActiveCfg = Release|Any CPU
		{D5E33EDC-BB0B-057B-E99F-7784C9A3922E}.Release|Any CPU.Build.0 = Release|Any CPU
		{D5E33EDC-BB0B-057B-E99F-7784C9A3922E}.Release|x64.ActiveCfg = Release|Any CPU
		{D5E33EDC-BB0B-057B-E99F-7784C9A3922E}.Release|x64.Build.0 = Release|Any CPU
		{D5E33EDC-BB0B-057B-E99F-7784C9A3922E}.Release|x86.ActiveCfg = Release|Any CPU
		{D5E33EDC-BB0B-057B-E99F-7784C9A3922E}.Release|x86.Build.0 = Release|Any CPU
	EndGlobalSection
	GlobalSection(SolutionProperties) = preSolution
		HideSolutionNode = FALSE
	EndGlobalSection
	GlobalSection(ExtensibilityGlobals) = postSolution
		SolutionGuid = {E59B4709-9B4E-4A57-AB21-717482B7C8EE}
	EndGlobalSection
EndGlobal
